
Microsoft Visual Studio Solution File, Format Version 12.00
# Visual Studio Version 16
VisualStudioVersion = 16.0.30413.136
MinimumVisualStudioVersion = 10.0.40219.1
Project("{FAE04EC0-301F-11D3-BF4B-00C04F79EFBC}") = "calcLab3", "calcLab3.csproj", "{DC42A904-3F6F-4D54-91BF-ABC2C316250E}"
EndProject
Global
	GlobalSection(SolutionConfigurationPlatforms) = preSolution
		Debug|Any CPU = Debug|Any CPU
		Release|Any CPU = Release|Any CPU
	EndGlobalSection
	GlobalSection(ProjectConfigurationPlatforms) = postSolution
		{DC42A904-3F6F-4D54-91BF-ABC2C316250E}.Debug|Any CPU.ActiveCfg = Debug|Any CPU
		{DC42A904-3F6F-4D54-91BF-ABC2C316250E}.Debug|Any CPU.Build.0 = Debug|Any CPU
		{DC42A904-3F6F-4D54-91BF-ABC2C316250E}.Release|Any CPU.ActiveCfg = Release|Any CPU
		{DC42A904-3F6F-4D54-91BF-ABC2C316250E}.Release|Any CPU.Build.0 = Release|Any CPU
	EndGlobalSection
	GlobalSection(SolutionProperties) = preSolution
		HideSolutionNode = FALSE
	EndGlobalSection
	GlobalSection(ExtensibilityGlobals) = postSolution
		SolutionGuid = {5E49A6D9-B374-4C65-BAAA-A986E34162E0}
	EndGlobalSection
EndGlobal
